
Microsoft Visual Studio Solution File, Format Version 12.00
# Visual Studio Version 17
VisualStudioVersion = 17.9.34723.18
MinimumVisualStudioVersion = 10.0.40219.1
Project("{FAE04EC0-301F-11D3-BF4B-00C04F79EFBC}") = "WebApplication3387", "WebApplication3387\WebApplication3387.csproj", "{65F4A74C-DB8B-48E1-996A-F72A01F0FAF7}"
EndProject
Global
	GlobalSection(SolutionConfigurationPlatforms) = preSolution
		Debug|Any CPU = Debug|Any CPU
		Release|Any CPU = Release|Any CPU
	EndGlobalSection
	GlobalSection(ProjectConfigurationPlatforms) = postSolution
		{65F4A74C-DB8B-48E1-996A-F72A01F0FAF7}.Debug|Any CPU.ActiveCfg = Debug|Any CPU
		{65F4A74C-DB8B-48E1-996A-F72A01F0FAF7}.Debug|Any CPU.Build.0 = Debug|Any CPU
		{65F4A74C-DB8B-48E1-996A-F72A01F0FAF7}.Release|Any CPU.ActiveCfg = Release|Any CPU
		{65F4A74C-DB8B-48E1-996A-F72A01F0FAF7}.Release|Any CPU.Build.0 = Release|Any CPU
	EndGlobalSection
	GlobalSection(SolutionProperties) = preSolution
		HideSolutionNode = FALSE
	EndGlobalSection
	GlobalSection(ExtensibilityGlobals) = postSolution
		SolutionGuid = {4CA7CD22-F3D2-4374-B018-F6168160EB33}
	EndGlobalSection
EndGlobal
